# THIS IS AN AUTOGENERATED FILE. DO NOT EDIT THIS FILE DIRECTLY.
# yarn lockfile v1


"@angular/common@2.1.2":
  version "2.1.2"
  resolved "https://registry.yarnpkg.com/@angular/common/-/common-2.1.2.tgz#5c5b37c21d6e573def1670f43962c262bc9be82e"

"@angular/compiler@2.1.2":
  version "2.1.2"
  resolved "https://registry.yarnpkg.com/@angular/compiler/-/compiler-2.1.2.tgz#bd2a6c558de5350bdd43aa8e8de757943ac01d2a"

"@angular/core@2.1.2":
  version "2.1.2"
  resolved "https://registry.yarnpkg.com/@angular/core/-/core-2.1.2.tgz#ce39521643f3d97bc5923d5a7aa76604e973dac8"

"@angular/http@2.1.2":
  version "2.1.2"
  resolved "https://registry.yarnpkg.com/@angular/http/-/http-2.1.2.tgz#50aa96c3b68a44b98e3f837886c96e5930eb543a"

"@angular/platform-browser-dynamic@2.1.2":
  version "2.1.2"
  resolved "https://registry.yarnpkg.com/@angular/platform-browser-dynamic/-/platform-browser-dynamic-2.1.2.tgz#3d51b494cfe0a29354c8c1f28369883679982af4"

"@angular/platform-browser@2.1.2":
  version "2.1.2"
  resolved "https://registry.yarnpkg.com/@angular/platform-browser/-/platform-browser-2.1.2.tgz#1f07c3a5668ac2381a7324f9001521deede159bc"

angular2-onsenui@1.0.0-rc.1:
  version "1.0.0-rc.1"
  resolved "https://registry.yarnpkg.com/angular2-onsenui/-/angular2-onsenui-1.0.0-rc.1.tgz#28f3cc22f98e2e09864c107329fbb4893806b745"

core-js@^2.4.1:
  version "2.4.1"
  resolved "https://registry.yarnpkg.com/core-js/-/core-js-2.4.1.tgz#4de911e667b0eae9124e34254b53aea6fc618d3e"

onsenui@^2.0.0:
  version "2.0.4"
  resolved "https://registry.yarnpkg.com/onsenui/-/onsenui-2.0.4.tgz#72c442c6764d260b7237c25c18144a37c4d200e5"

reflect-metadata@^0.1.8:
  version "0.1.8"
  resolved "https://registry.yarnpkg.com/reflect-metadata/-/reflect-metadata-0.1.8.tgz#72426d570b60776e3688968bd5ab9537a15cecf6"

rxjs@5.0.0-beta.12:
  version "5.0.0-beta.12"
  resolved "https://registry.yarnpkg.com/rxjs/-/rxjs-5.0.0-beta.12.tgz#cdfde2d8c4639d20ae7794bff8fddf32da7ad337"
  dependencies:
    symbol-observable "^1.0.1"

symbol-observable@^1.0.1:
  version "1.0.4"
  resolved "https://registry.yarnpkg.com/symbol-observable/-/symbol-observable-1.0.4.tgz#29bf615d4aa7121bdd898b22d4b3f9bc4e2aa03d"

typescript@^2.0.9:
  version "2.1.1"
  resolved "https://registry.yarnpkg.com/typescript/-/typescript-2.1.1.tgz#41c2b64472f529331b2055c0424862b44ce58d42"

zone.js@0.6.21:
  version "0.6.21"
  resolved "https://registry.yarnpkg.com/zone.js/-/zone.js-0.6.21.tgz#beebbff30480e6bc975cbbb4eedc750c3080328e"
